
Microsoft Visual Studio Solution File, Format Version 12.00
# Visual Studio 15
VisualStudioVersion = 15.0.26430.13
MinimumVisualStudioVersion = 10.0.40219.1
Project("{FAE04EC0-301F-11D3-BF4B-00C04F79EFBC}") = "CountDownTimer.Android", "CountDownTimer\CountDownTimer.Android\CountDownTimer.Android.csproj", "{30973B85-08A6-4773-BA0D-C219FF16CF96}"
EndProject
Project("{FAE04EC0-301F-11D3-BF4B-00C04F79EFBC}") = "CountDownTimer", "CountDownTimer\CountDownTimer\CountDownTimer.csproj", "{81ECC7FC-1993-4345-AA45-96F9B55ACDFC}"
EndProject
Project("{FAE04EC0-301F-11D3-BF4B-00C04F79EFBC}") = "CountDownTimer.UWP", "CountDownTimer\CountDownTimer.UWP\CountDownTimer.UWP.csproj", "{6E4F9A26-CE6A-4748-8658-669DC9784A15}"
EndProject
Project("{FAE04EC0-301F-11D3-BF4B-00C04F79EFBC}") = "CountDownTimer.iOS", "CountDownTimer\CountDownTimer.iOS\CountDownTimer.iOS.csproj", "{92AA28C8-48EE-4793-BE54-F18FCCA988A8}"
EndProject
Global
	GlobalSection(SolutionConfigurationPlatforms) = preSolution
		Ad-Hoc|Any CPU = Ad-Hoc|Any CPU
		Ad-Hoc|ARM = Ad-Hoc|ARM
		Ad-Hoc|iPhone = Ad-Hoc|iPhone
		Ad-Hoc|iPhoneSimulator = Ad-Hoc|iPhoneSimulator
		Ad-Hoc|x64 = Ad-Hoc|x64
		Ad-Hoc|x86 = Ad-Hoc|x86
		AppStore|Any CPU = AppStore|Any CPU
		AppStore|ARM = AppStore|ARM
		AppStore|iPhone = AppStore|iPhone
		AppStore|iPhoneSimulator = AppStore|iPhoneSimulator
		AppStore|x64 = AppStore|x64
		AppStore|x86 = AppStore|x86
		Debug|Any CPU = Debug|Any CPU
		Debug|ARM = Debug|ARM
		Debug|iPhone = Debug|iPhone
		Debug|iPhoneSimulator = Debug|iPhoneSimulator
		Debug|x64 = Debug|x64
		Debug|x86 = Debug|x86
		Release|Any CPU = Release|Any CPU
		Release|ARM = Release|ARM
		Release|iPhone = Release|iPhone
		Release|iPhoneSimulator = Release|iPhoneSimulator
		Release|x64 = Release|x64
		Release|x86 = Release|x86
	EndGlobalSection
	GlobalSection(ProjectConfigurationPlatforms) = postSolution
		{30973B85-08A6-4773-BA0D-C219FF16CF96}.Ad-Hoc|Any CPU.ActiveCfg = Release|Any CPU
		{30973B85-08A6-4773-BA0D-C219FF16CF96}.Ad-Hoc|Any CPU.Build.0 = Release|Any CPU
		{30973B85-08A6-4773-BA0D-C219FF16CF96}.Ad-Hoc|Any CPU.Deploy.0 = Release|Any CPU
		{30973B85-08A6-4773-BA0D-C219FF16CF96}.Ad-Hoc|ARM.ActiveCfg = Release|Any CPU
		{30973B85-08A6-4773-BA0D-C219FF16CF96}.Ad-Hoc|ARM.Build.0 = Release|Any CPU
		{30973B85-08A6-4773-BA0D-C219FF16CF96}.Ad-Hoc|ARM.Deploy.0 = Release|Any CPU
		{30973B85-08A6-4773-BA0D-C219FF16CF96}.Ad-Hoc|iPhone.ActiveCfg = Release|Any CPU
		{30973B85-08A6-4773-BA0D-C219FF16CF96}.Ad-Hoc|iPhone.Build.0 = Release|Any CPU
		{30973B85-08A6-4773-BA0D-C219FF16CF96}.Ad-Hoc|iPhone.Deploy.0 = Release|Any CPU
		{30973B85-08A6-4773-BA0D-C219FF16CF96}.Ad-Hoc|iPhoneSimulator.ActiveCfg = Release|Any CPU
		{30973B85-08A6-4773-BA0D-C219FF16CF96}.Ad-Hoc|iPhoneSimulator.Build.0 = Release|Any CPU
		{30973B85-08A6-4773-BA0D-C219FF16CF96}.Ad-Hoc|iPhoneSimulator.Deploy.0 = Release|Any CPU
		{30973B85-08A6-4773-BA0D-C219FF16CF96}.Ad-Hoc|x64.ActiveCfg = Release|Any CPU
		{30973B85-08A6-4773-BA0D-C219FF16CF96}.Ad-Hoc|x64.Build.0 = Release|Any CPU
		{30973B85-08A6-4773-BA0D-C219FF16CF96}.Ad-Hoc|x64.Deploy.0 = Release|Any CPU
		{30973B85-08A6-4773-BA0D-C219FF16CF96}.Ad-Hoc|x86.ActiveCfg = Release|Any CPU
		{30973B85-08A6-4773-BA0D-C219FF16CF96}.Ad-Hoc|x86.Build.0 = Release|Any CPU
		{30973B85-08A6-4773-BA0D-C219FF16CF96}.Ad-Hoc|x86.Deploy.0 = Release|Any CPU
		{30973B85-08A6-4773-BA0D-C219FF16CF96}.AppStore|Any CPU.ActiveCfg = Release|Any CPU
		{30973B85-08A6-4773-BA0D-C219FF16CF96}.AppStore|Any CPU.Build.0 = Release|Any CPU
		{30973B85-08A6-4773-BA0D-C219FF16CF96}.AppStore|Any CPU.Deploy.0 = Release|Any CPU
		{30973B85-08A6-4773-BA0D-C219FF16CF96}.AppStore|ARM.ActiveCfg = Release|Any CPU
		{30973B85-08A6-4773-BA0D-C219FF16CF96}.AppStore|ARM.Build.0 = Release|Any CPU
		{30973B85-08A6-4773-BA0D-C219FF16CF96}.AppStore|ARM.Deploy.0 = Release|Any CPU
		{30973B85-08A6-4773-BA0D-C219FF16CF96}.AppStore|iPhone.ActiveCfg = Release|Any CPU
		{30973B85-08A6-4773-BA0D-C219FF16CF96}.AppStore|iPhone.Build.0 = Release|Any CPU
		{30973B85-08A6-4773-BA0D-C219FF16CF96}.AppStore|iPhone.Deploy.0 = Release|Any CPU
		{30973B85-08A6-4773-BA0D-C219FF16CF96}.AppStore|iPhoneSimulator.ActiveCfg = Release|Any CPU
		{30973B85-08A6-4773-BA0D-C219FF16CF96}.AppStore|iPhoneSimulator.Build.0 = Release|Any CPU
		{30973B85-08A6-4773-BA0D-C219FF16CF96}.AppStore|iPhoneSimulator.Deploy.0 = Release|Any CPU
		{30973B85-08A6-4773-BA0D-C219FF16CF96}.AppStore|x64.ActiveCfg = Release|Any CPU
		{30973B85-08A6-4773-BA0D-C219FF16CF96}.AppStore|x64.Build.0 = Release|Any CPU
		{30973B85-08A6-4773-BA0D-C219FF16CF96}.AppStore|x64.Deploy.0 = Release|Any CPU
		{30973B85-08A6-4773-BA0D-C219FF16CF96}.AppStore|x86.ActiveCfg = Release|Any CPU
		{30973B85-08A6-4773-BA0D-C219FF16CF96}.AppStore|x86.Build.0 = Release|Any CPU
		{30973B85-08A6-4773-BA0D-C219FF16CF96}.AppStore|x86.Deploy.0 = Release|Any CPU
		{30973B85-08A6-4773-BA0D-C219FF16CF96}.Debug|Any CPU.ActiveCfg = Debug|Any CPU
		{30973B85-08A6-4773-BA0D-C219FF16CF96}.Debug|Any CPU.Build.0 = Debug|Any CPU
		{30973B85-08A6-4773-BA0D-C219FF16CF96}.Debug|Any CPU.Deploy.0 = Debug|Any CPU
		{30973B85-08A6-4773-BA0D-C219FF16CF96}.Debug|ARM.ActiveCfg = Debug|Any CPU
		{30973B85-08A6-4773-BA0D-C219FF16CF96}.Debug|ARM.Build.0 = Debug|Any CPU
		{30973B85-08A6-4773-BA0D-C219FF16CF96}.Debug|ARM.Deploy.0 = Debug|Any CPU
		{30973B85-08A6-4773-BA0D-C219FF16CF96}.Debug|iPhone.ActiveCfg = Debug|Any CPU
		{30973B85-08A6-4773-BA0D-C219FF16CF96}.Debug|iPhone.Build.0 = Debug|Any CPU
		{30973B85-08A6-4773-BA0D-C219FF16CF96}.Debug|iPhone.Deploy.0 = Debug|Any CPU
		{30973B85-08A6-4773-BA0D-C219FF16CF96}.Debug|iPhoneSimulator.ActiveCfg = Debug|Any CPU
		{30973B85-08A6-4773-BA0D-C219FF16CF96}.Debug|iPhoneSimulator.Build.0 = Debug|Any CPU
		{30973B85-08A6-4773-BA0D-C219FF16CF96}.Debug|iPhoneSimulator.Deploy.0 = Debug|Any CPU
		{30973B85-08A6-4773-BA0D-C219FF16CF96}.Debug|x64.ActiveCfg = Debug|Any CPU
		{30973B85-08A6-4773-BA0D-C219FF16CF96}.Debug|x64.Build.0 = Debug|Any CPU
		{30973B85-08A6-4773-BA0D-C219FF16CF96}.Debug|x64.Deploy.0 = Debug|Any CPU
		{30973B85-08A6-4773-BA0D-C219FF16CF96}.Debug|x86.ActiveCfg = Debug|Any CPU
		{30973B85-08A6-4773-BA0D-C219FF16CF96}.Debug|x86.Build.0 = Debug|Any CPU
		{30973B85-08A6-4773-BA0D-C219FF16CF96}.Debug|x86.Deploy.0 = Debug|Any CPU
		{30973B85-08A6-4773-BA0D-C219FF16CF96}.Release|Any CPU.ActiveCfg = Release|Any CPU
		{30973B85-08A6-4773-BA0D-C219FF16CF96}.Release|Any CPU.Build.0 = Release|Any CPU
		{30973B85-08A6-4773-BA0D-C219FF16CF96}.Release|Any CPU.Deploy.0 = Release|Any CPU
		{30973B85-08A6-4773-BA0D-C219FF16CF96}.Release|ARM.ActiveCfg = Release|Any CPU
		{30973B85-08A6-4773-BA0D-C219FF16CF96}.Release|ARM.Build.0 = Release|Any CPU
		{30973B85-08A6-4773-BA0D-C219FF16CF96}.Release|ARM.Deploy.0 = Release|Any CPU
		{30973B85-08A6-4773-BA0D-C219FF16CF96}.Release|iPhone.ActiveCfg = Release|Any CPU
		{30973B85-08A6-4773-BA0D-C219FF16CF96}.Release|iPhone.Build.0 = Release|Any CPU
		{30973B85-08A6-4773-BA0D-C219FF16CF96}.Release|iPhone.Deploy.0 = Release|Any CPU
		{30973B85-08A6-4773-BA0D-C219FF16CF96}.Release|iPhoneSimulator.ActiveCfg = Release|Any CPU
		{30973B85-08A6-4773-BA0D-C219FF16CF96}.Release|iPhoneSimulator.Build.0 = Release|Any CPU
		{30973B85-08A6-4773-BA0D-C219FF16CF96}.Release|iPhoneSimulator.Deploy.0 = Release|Any CPU
		{30973B85-08A6-4773-BA0D-C219FF16CF96}.Release|x64.ActiveCfg = Release|Any CPU
		{30973B85-08A6-4773-BA0D-C219FF16CF96}.Release|x64.Build.0 = Release|Any CPU
		{30973B85-08A6-4773-BA0D-C219FF16CF96}.Release|x64.Deploy.0 = Release|Any CPU
		{30973B85-08A6-4773-BA0D-C219FF16CF96}.Release|x86.ActiveCfg = Release|Any CPU
		{30973B85-08A6-4773-BA0D-C219FF16CF96}.Release|x86.Build.0 = Release|Any CPU
		{30973B85-08A6-4773-BA0D-C219FF16CF96}.Release|x86.Deploy.0 = Release|Any CPU
		{81ECC7FC-1993-4345-AA45-96F9B55ACDFC}.Ad-Hoc|Any CPU.ActiveCfg = Release|Any CPU
		{81ECC7FC-1993-4345-AA45-96F9B55ACDFC}.Ad-Hoc|Any CPU.Build.0 = Release|Any CPU
		{81ECC7FC-1993-4345-AA45-96F9B55ACDFC}.Ad-Hoc|ARM.ActiveCfg = Release|Any CPU
		{81ECC7FC-1993-4345-AA45-96F9B55ACDFC}.Ad-Hoc|ARM.Build.0 = Release|Any CPU
		{81ECC7FC-1993-4345-AA45-96F9B55ACDFC}.Ad-Hoc|iPhone.ActiveCfg = Release|Any CPU
		{81ECC7FC-1993-4345-AA45-96F9B55ACDFC}.Ad-Hoc|iPhone.Build.0 = Release|Any CPU
		{81ECC7FC-1993-4345-AA45-96F9B55ACDFC}.Ad-Hoc|iPhoneSimulator.ActiveCfg = Release|Any CPU
		{81ECC7FC-1993-4345-AA45-96F9B55ACDFC}.Ad-Hoc|iPhoneSimulator.Build.0 = Release|Any CPU
		{81ECC7FC-1993-4345-AA45-96F9B55ACDFC}.Ad-Hoc|x64.ActiveCfg = Release|Any CPU
		{81ECC7FC-1993-4345-AA45-96F9B55ACDFC}.Ad-Hoc|x64.Build.0 = Release|Any CPU
		{81ECC7FC-1993-4345-AA45-96F9B55ACDFC}.Ad-Hoc|x86.ActiveCfg = Release|Any CPU
		{81ECC7FC-1993-4345-AA45-96F9B55ACDFC}.Ad-Hoc|x86.Build.0 = Release|Any CPU
		{81ECC7FC-1993-4345-AA45-96F9B55ACDFC}.AppStore|Any CPU.ActiveCfg = Release|Any CPU
		{81ECC7FC-1993-4345-AA45-96F9B55ACDFC}.AppStore|Any CPU.Build.0 = Release|Any CPU
		{81ECC7FC-1993-4345-AA45-96F9B55ACDFC}.AppStore|ARM.ActiveCfg = Release|Any CPU
		{81ECC7FC-1993-4345-AA45-96F9B55ACDFC}.AppStore|ARM.Build.0 = Release|Any CPU
		{81ECC7FC-1993-4345-AA45-96F9B55ACDFC}.AppStore|iPhone.ActiveCfg = Release|Any CPU
		{81ECC7FC-1993-4345-AA45-96F9B55ACDFC}.AppStore|iPhone.Build.0 = Release|Any CPU
		{81ECC7FC-1993-4345-AA45-96F9B55ACDFC}.AppStore|iPhoneSimulator.ActiveCfg = Release|Any CPU
		{81ECC7FC-1993-4345-AA45-96F9B55ACDFC}.AppStore|iPhoneSimulator.Build.0 = Release|Any CPU
		{81ECC7FC-1993-4345-AA45-96F9B55ACDFC}.AppStore|x64.ActiveCfg = Release|Any CPU
		{81ECC7FC-1993-4345-AA45-96F9B55ACDFC}.AppStore|x64.Build.0 = Release|Any CPU
		{81ECC7FC-1993-4345-AA45-96F9B55ACDFC}.AppStore|x86.ActiveCfg = Release|Any CPU
		{81ECC7FC-1993-4345-AA45-96F9B55ACDFC}.AppStore|x86.Build.0 = Release|Any CPU
		{81ECC7FC-1993-4345-AA45-96F9B55ACDFC}.Debug|Any CPU.ActiveCfg = Debug|Any CPU
		{81ECC7FC-1993-4345-AA45-96F9B55ACDFC}.Debug|Any CPU.Build.0 = Debug|Any CPU
		{81ECC7FC-1993-4345-AA45-96F9B55ACDFC}.Debug|ARM.ActiveCfg = Debug|Any CPU
		{81ECC7FC-1993-4345-AA45-96F9B55ACDFC}.Debug|ARM.Build.0 = Debug|Any CPU
		{81ECC7FC-1993-4345-AA45-96F9B55ACDFC}.Debug|iPhone.ActiveCfg = Debug|Any CPU
		{81ECC7FC-1993-4345-AA45-96F9B55ACDFC}.Debug|iPhone.Build.0 = Debug|Any CPU
		{81ECC7FC-1993-4345-AA45-96F9B55ACDFC}.Debug|iPhoneSimulator.ActiveCfg = Debug|Any CPU
		{81ECC7FC-1993-4345-AA45-96F9B55ACDFC}.Debug|iPhoneSimulator.Build.0 = Debug|Any CPU
		{81ECC7FC-1993-4345-AA45-96F9B55ACDFC}.Debug|x64.ActiveCfg = Debug|Any CPU
		{81ECC7FC-1993-4345-AA45-96F9B55ACDFC}.Debug|x64.Build.0 = Debug|Any CPU
		{81ECC7FC-1993-4345-AA45-96F9B55ACDFC}.Debug|x86.ActiveCfg = Debug|Any CPU
		{81ECC7FC-1993-4345-AA45-96F9B55ACDFC}.Debug|x86.Build.0 = Debug|Any CPU
		{81ECC7FC-1993-4345-AA45-96F9B55ACDFC}.Release|Any CPU.ActiveCfg = Release|Any CPU
		{81ECC7FC-1993-4345-AA45-96F9B55ACDFC}.Release|Any CPU.Build.0 = Release|Any CPU
		{81ECC7FC-1993-4345-AA45-96F9B55ACDFC}.Release|ARM.ActiveCfg = Release|Any CPU
		{81ECC7FC-1993-4345-AA45-96F9B55ACDFC}.Release|ARM.Build.0 = Release|Any CPU
		{81ECC7FC-1993-4345-AA45-96F9B55ACDFC}.Release|iPhone.ActiveCfg = Release|Any CPU
		{81ECC7FC-1993-4345-AA45-96F9B55ACDFC}.Release|iPhone.Build.0 = Release|Any CPU
		{81ECC7FC-1993-4345-AA45-96F9B55ACDFC}.Release|iPhoneSimulator.ActiveCfg = Release|Any CPU
		{81ECC7FC-1993-4345-AA45-96F9B55ACDFC}.Release|iPhoneSimulator.Build.0 = Release|Any CPU
		{81ECC7FC-1993-4345-AA45-96F9B55ACDFC}.Release|x64.ActiveCfg = Release|Any CPU
		{81ECC7FC-1993-4345-AA45-96F9B55ACDFC}.Release|x64.Build.0 = Release|Any CPU
		{81ECC7FC-1993-4345-AA45-96F9B55ACDFC}.Release|x86.ActiveCfg = Release|Any CPU
		{81ECC7FC-1993-4345-AA45-96F9B55ACDFC}.Release|x86.Build.0 = Release|Any CPU
		{6E4F9A26-CE6A-4748-8658-669DC9784A15}.Ad-Hoc|Any CPU.ActiveCfg = Release|x86
		{6E4F9A26-CE6A-4748-8658-669DC9784A15}.Ad-Hoc|Any CPU.Build.0 = Release|x86
		{6E4F9A26-CE6A-4748-8658-669DC9784A15}.Ad-Hoc|Any CPU.Deploy.0 = Release|x86
		{6E4F9A26-CE6A-4748-8658-669DC9784A15}.Ad-Hoc|ARM.ActiveCfg = Release|ARM
		{6E4F9A26-CE6A-4748-8658-669DC9784A15}.Ad-Hoc|ARM.Build.0 = Release|ARM
		{6E4F9A26-CE6A-4748-8658-669DC9784A15}.Ad-Hoc|ARM.Deploy.0 = Release|ARM
		{6E4F9A26-CE6A-4748-8658-669DC9784A15}.Ad-Hoc|iPhone.ActiveCfg = Release|x86
		{6E4F9A26-CE6A-4748-8658-669DC9784A15}.Ad-Hoc|iPhone.Build.0 = Release|x86
		{6E4F9A26-CE6A-4748-8658-669DC9784A15}.Ad-Hoc|iPhone.Deploy.0 = Release|x86
		{6E4F9A26-CE6A-4748-8658-669DC9784A15}.Ad-Hoc|iPhoneSimulator.ActiveCfg = Release|x86
		{6E4F9A26-CE6A-4748-8658-669DC9784A15}.Ad-Hoc|iPhoneSimulator.Build.0 = Release|x86
		{6E4F9A26-CE6A-4748-8658-669DC9784A15}.Ad-Hoc|iPhoneSimulator.Deploy.0 = Release|x86
		{6E4F9A26-CE6A-4748-8658-669DC9784A15}.Ad-Hoc|x64.ActiveCfg = Release|x64
		{6E4F9A26-CE6A-4748-8658-669DC9784A15}.Ad-Hoc|x64.Build.0 = Release|x64
		{6E4F9A26-CE6A-4748-8658-669DC9784A15}.Ad-Hoc|x64.Deploy.0 = Release|x64
		{6E4F9A26-CE6A-4748-8658-669DC9784A15}.Ad-Hoc|x86.ActiveCfg = Release|x86
		{6E4F9A26-CE6A-4748-8658-669DC9784A15}.Ad-Hoc|x86.Build.0 = Release|x86
		{6E4F9A26-CE6A-4748-8658-669DC9784A15}.Ad-Hoc|x86.Deploy.0 = Release|x86
		{6E4F9A26-CE6A-4748-8658-669DC9784A15}.AppStore|Any CPU.ActiveCfg = Release|x86
		{6E4F9A26-CE6A-4748-8658-669DC9784A15}.AppStore|Any CPU.Build.0 = Release|x86
		{6E4F9A26-CE6A-4748-8658-669DC9784A15}.AppStore|Any CPU.Deploy.0 = Release|x86
		{6E4F9A26-CE6A-4748-8658-669DC9784A15}.AppStore|ARM.ActiveCfg = Release|ARM
		{6E4F9A26-CE6A-4748-8658-669DC9784A15}.AppStore|ARM.Build.0 = Release|ARM
		{6E4F9A26-CE6A-4748-8658-669DC9784A15}.AppStore|ARM.Deploy.0 = Release|ARM
		{6E4F9A26-CE6A-4748-8658-669DC9784A15}.AppStore|iPhone.ActiveCfg = Release|x86
		{6E4F9A26-CE6A-4748-8658-669DC9784A15}.AppStore|iPhone.Build.0 = Release|x86
		{6E4F9A26-CE6A-4748-8658-669DC9784A15}.AppStore|iPhone.Deploy.0 = Release|x86
		{6E4F9A26-CE6A-4748-8658-669DC9784A15}.AppStore|iPhoneSimulator.ActiveCfg = Release|x86
		{6E4F9A26-CE6A-4748-8658-669DC9784A15}.AppStore|iPhoneSimulator.Build.0 = Release|x86
		{6E4F9A26-CE6A-4748-8658-669DC9784A15}.AppStore|iPhoneSimulator.Deploy.0 = Release|x86
		{6E4F9A26-CE6A-4748-8658-669DC9784A15}.AppStore|x64.ActiveCfg = Release|x64
		{6E4F9A26-CE6A-4748-8658-669DC9784A15}.AppStore|x64.Build.0 = Release|x64
		{6E4F9A26-CE6A-4748-8658-669DC9784A15}.AppStore|x64.Deploy.0 = Release|x64
		{6E4F9A26-CE6A-4748-8658-669DC9784A15}.AppStore|x86.ActiveCfg = Release|x86
		{6E4F9A26-CE6A-4748-8658-669DC9784A15}.AppStore|x86.Build.0 = Release|x86
		{6E4F9A26-CE6A-4748-8658-669DC9784A15}.AppStore|x86.Deploy.0 = Release|x86
		{6E4F9A26-CE6A-4748-8658-669DC9784A15}.Debug|Any CPU.ActiveCfg = Debug|x86
		{6E4F9A26-CE6A-4748-8658-669DC9784A15}.Debug|ARM.ActiveCfg = Debug|ARM
		{6E4F9A26-CE6A-4748-8658-669DC9784A15}.Debug|ARM.Build.0 = Debug|ARM
		{6E4F9A26-CE6A-4748-8658-669DC9784A15}.Debug|ARM.Deploy.0 = Debug|ARM
		{6E4F9A26-CE6A-4748-8658-669DC9784A15}.Debug|iPhone.ActiveCfg = Debug|x86
		{6E4F9A26-CE6A-4748-8658-669DC9784A15}.Debug|iPhoneSimulator.ActiveCfg = Debug|x86
		{6E4F9A26-CE6A-4748-8658-669DC9784A15}.Debug|x64.ActiveCfg = Debug|x64
		{6E4F9A26-CE6A-4748-8658-669DC9784A15}.Debug|x64.Build.0 = Debug|x64
		{6E4F9A26-CE6A-4748-8658-669DC9784A15}.Debug|x64.Deploy.0 = Debug|x64
		{6E4F9A26-CE6A-4748-8658-669DC9784A15}.Debug|x86.ActiveCfg = Debug|x86
		{6E4F9A26-CE6A-4748-8658-669DC9784A15}.Debug|x86.Build.0 = Debug|x86
		{6E4F9A26-CE6A-4748-8658-669DC9784A15}.Debug|x86.Deploy.0 = Debug|x86
		{6E4F9A26-CE6A-4748-8658-669DC9784A15}.Release|Any CPU.ActiveCfg = Release|x86
		{6E4F9A26-CE6A-4748-8658-669DC9784A15}.Release|ARM.ActiveCfg = Release|ARM
		{6E4F9A26-CE6A-4748-8658-669DC9784A15}.Release|ARM.Build.0 = Release|ARM
		{6E4F9A26-CE6A-4748-8658-669DC9784A15}.Release|ARM.Deploy.0 = Release|ARM
		{6E4F9A26-CE6A-4748-8658-669DC9784A15}.Release|iPhone.ActiveCfg = Release|x86
		{6E4F9A26-CE6A-4748-8658-669DC9784A15}.Release|iPhoneSimulator.ActiveCfg = Release|x86
		{6E4F9A26-CE6A-4748-8658-669DC9784A15}.Release|x64.ActiveCfg = Release|x64
		{6E4F9A26-CE6A-4748-8658-669DC9784A15}.Release|x64.Build.0 = Release|x64
		{6E4F9A26-CE6A-4748-8658-669DC9784A15}.Release|x64.Deploy.0 = Release|x64
		{6E4F9A26-CE6A-4748-8658-669DC9784A15}.Release|x86.ActiveCfg = Release|x86
		{6E4F9A26-CE6A-4748-8658-669DC9784A15}.Release|x86.Build.0 = Release|x86
		{6E4F9A26-CE6A-4748-8658-669DC9784A15}.Release|x86.Deploy.0 = Release|x86
		{92AA28C8-48EE-4793-BE54-F18FCCA988A8}.Ad-Hoc|Any CPU.ActiveCfg = Ad-Hoc|iPhone
		{92AA28C8-48EE-4793-BE54-F18FCCA988A8}.Ad-Hoc|ARM.ActiveCfg = Ad-Hoc|iPhone
		{92AA28C8-48EE-4793-BE54-F18FCCA988A8}.Ad-Hoc|iPhone.ActiveCfg = Ad-Hoc|iPhone
		{92AA28C8-48EE-4793-BE54-F18FCCA988A8}.Ad-Hoc|iPhone.Build.0 = Ad-Hoc|iPhone
		{92AA28C8-48EE-4793-BE54-F18FCCA988A8}.Ad-Hoc|iPhoneSimulator.ActiveCfg = Ad-Hoc|iPhoneSimulator
		{92AA28C8-48EE-4793-BE54-F18FCCA988A8}.Ad-Hoc|iPhoneSimulator.Build.0 = Ad-Hoc|iPhoneSimulator
		{92AA28C8-48EE-4793-BE54-F18FCCA988A8}.Ad-Hoc|x64.ActiveCfg = Ad-Hoc|iPhone
		{92AA28C8-48EE-4793-BE54-F18FCCA988A8}.Ad-Hoc|x86.ActiveCfg = Ad-Hoc|iPhone
		{92AA28C8-48EE-4793-BE54-F18FCCA988A8}.AppStore|Any CPU.ActiveCfg = AppStore|iPhone
		{92AA28C8-48EE-4793-BE54-F18FCCA988A8}.AppStore|ARM.ActiveCfg = AppStore|iPhone
		{92AA28C8-48EE-4793-BE54-F18FCCA988A8}.AppStore|iPhone.ActiveCfg = AppStore|iPhone
		{92AA28C8-48EE-4793-BE54-F18FCCA988A8}.AppStore|iPhone.Build.0 = AppStore|iPhone
		{92AA28C8-48EE-4793-BE54-F18FCCA988A8}.AppStore|iPhoneSimulator.ActiveCfg = AppStore|iPhoneSimulator
		{92AA28C8-48EE-4793-BE54-F18FCCA988A8}.AppStore|iPhoneSimulator.Build.0 = AppStore|iPhoneSimulator
		{92AA28C8-48EE-4793-BE54-F18FCCA988A8}.AppStore|x64.ActiveCfg = AppStore|iPhone
		{92AA28C8-48EE-4793-BE54-F18FCCA988A8}.AppStore|x86.ActiveCfg = AppStore|iPhone
		{92AA28C8-48EE-4793-BE54-F18FCCA988A8}.Debug|Any CPU.ActiveCfg = Debug|iPhone
		{92AA28C8-48EE-4793-BE54-F18FCCA988A8}.Debug|ARM.ActiveCfg = Debug|iPhone
		{92AA28C8-48EE-4793-BE54-F18FCCA988A8}.Debug|iPhone.ActiveCfg = Debug|iPhone
		{92AA28C8-48EE-4793-BE54-F18FCCA988A8}.Debug|iPhone.Build.0 = Debug|iPhone
		{92AA28C8-48EE-4793-BE54-F18FCCA988A8}.Debug|iPhoneSimulator.ActiveCfg = Debug|iPhoneSimulator
		{92AA28C8-48EE-4793-BE54-F18FCCA988A8}.Debug|iPhoneSimulator.Build.0 = Debug|iPhoneSimulator
		{92AA28C8-48EE-4793-BE54-F18FCCA988A8}.Debug|x64.ActiveCfg = Debug|iPhone
		{92AA28C8-48EE-4793-BE54-F18FCCA988A8}.Debug|x86.ActiveCfg = Debug|iPhone
		{92AA28C8-48EE-4793-BE54-F18FCCA988A8}.Release|Any CPU.ActiveCfg = Release|iPhone
		{92AA28C8-48EE-4793-BE54-F18FCCA988A8}.Release|ARM.ActiveCfg = Release|iPhone
		{92AA28C8-48EE-4793-BE54-F18FCCA988A8}.Release|iPhone.ActiveCfg = Release|iPhone
		{92AA28C8-48EE-4793-BE54-F18FCCA988A8}.Release|iPhone.Build.0 = Release|iPhone
		{92AA28C8-48EE-4793-BE54-F18FCCA988A8}.Release|iPhoneSimulator.ActiveCfg = Release|iPhoneSimulator
		{92AA28C8-48EE-4793-BE54-F18FCCA988A8}.Release|iPhoneSimulator.Build.0 = Release|iPhoneSimulator
		{92AA28C8-48EE-4793-BE54-F18FCCA988A8}.Release|x64.ActiveCfg = Release|iPhone
		{92AA28C8-48EE-4793-BE54-F18FCCA988A8}.Release|x86.ActiveCfg = Release|iPhone
	EndGlobalSection
	GlobalSection(SolutionProperties) = preSolution
		HideSolutionNode = FALSE
	EndGlobalSection
EndGlobal
